{
  "name": "app",
  "lockfileVersion": 3,
  "requires": true,
  "packages": {
    "": {
      "dependencies": {
        "iwan-sdk": "^1.4.0"
      }
    },
    "node_modules/async-limiter": {
      "version": "1.0.1",
      "resolved": "https://registry.npmjs.org/async-limiter/-/async-limiter-1.0.1.tgz",
      "integrity": "sha512-csOlWGAcRFJaI6m+F2WKdnMKr4HhdhFVBk0H/QbJFMCr+uO2kwohwXQPxw/9OCxp05r5ghVBFSyioixx3gfkNQ==",
      "license": "MIT"
    },
    "node_modules/circular-json": {
      "version": "0.5.9",
      "resolved": "https://registry.npmjs.org/circular-json/-/circular-json-0.5.9.tgz",
      "integrity": "sha512-4ivwqHpIFJZBuhN3g/pEcdbnGUywkBblloGbkglyloVjjR3uT6tieI89MVOfbP2tHX5sgb01FuLgAOzebNlJNQ==",
      "deprecated": "CircularJSON is in maintenance only, flatted is its successor.",
      "license": "MIT"
    },
    "node_modules/iwan-sdk": {
      "version": "1.4.0",
      "resolved": "https://registry.npmjs.org/iwan-sdk/-/iwan-sdk-1.4.0.tgz",
      "integrity": "sha512-Y8KsAGVgTcYD/YEdQDbqaB9J2padbZBrjc6sihjyJNEwaSQLhEX0pWSfdaI1wI4n6n/5Eymq+NG/ILik/JPU3w==",
      "license": "ISC",
      "dependencies": {
        "circular-json": "^0.5.9",
        "ws": "^5.2.2"
      }
    },
    "node_modules/ws": {
      "version": "5.2.4",
      "resolved": "https://registry.npmjs.org/ws/-/ws-5.2.4.tgz",
      "integrity": "sha512-fFCejsuC8f9kOSu9FYaOw8CdO68O3h5v0lg4p74o8JqWpwTf9tniOD+nOB78aWoVSS6WptVUmDrp/KPsMVBWFQ==",
      "license": "MIT",
      "dependencies": {
        "async-limiter": "~1.0.0"
      }
    }
  }
}
